
Microsoft Visual Studio Solution File, Format Version 12.00
# Visual Studio Version 17
VisualStudioVersion = 17.3.32825.248
MinimumVisualStudioVersion = 10.0.40219.1
Project("{FAE04EC0-301F-11D3-BF4B-00C04F79EFBC}") = "08.09.2023 Practice", "08.09.2023 Practice.csproj", "{9AAF436D-84A1-46A8-89FF-E7ABD055AB3B}"
EndProject
Global
	GlobalSection(SolutionConfigurationPlatforms) = preSolution
		Debug|Any CPU = Debug|Any CPU
		Release|Any CPU = Release|Any CPU
	EndGlobalSection
	GlobalSection(ProjectConfigurationPlatforms) = postSolution
		{9AAF436D-84A1-46A8-89FF-E7ABD055AB3B}.Debug|Any CPU.ActiveCfg = Debug|Any CPU
		{9AAF436D-84A1-46A8-89FF-E7ABD055AB3B}.Debug|Any CPU.Build.0 = Debug|Any CPU
		{9AAF436D-84A1-46A8-89FF-E7ABD055AB3B}.Release|Any CPU.ActiveCfg = Release|Any CPU
		{9AAF436D-84A1-46A8-89FF-E7ABD055AB3B}.Release|Any CPU.Build.0 = Release|Any CPU
	EndGlobalSection
	GlobalSection(SolutionProperties) = preSolution
		HideSolutionNode = FALSE
	EndGlobalSection
	GlobalSection(ExtensibilityGlobals) = postSolution
		SolutionGuid = {392836FA-6F76-4383-94B3-706A8EC0F6E7}
	EndGlobalSection
EndGlobal
